
Microsoft Visual Studio Solution File, Format Version 12.00
# Visual Studio Version 16
VisualStudioVersion = 16.0.30611.23
MinimumVisualStudioVersion = 10.0.40219.1
Project("{FAE04EC0-301F-11D3-BF4B-00C04F79EFBC}") = "FoodEliminator.Android", "FoodEliminator\FoodEliminator.Android\FoodEliminator.Android.csproj", "{EAB81A93-6F4D-4B82-9487-B5A0FDE057D5}"
EndProject
Project("{FAE04EC0-301F-11D3-BF4B-00C04F79EFBC}") = "FoodEliminator.iOS", "FoodEliminator\FoodEliminator.iOS\FoodEliminator.iOS.csproj", "{BB6EACB5-B547-4F9B-8071-D1CB324EAB1F}"
EndProject
Project("{FAE04EC0-301F-11D3-BF4B-00C04F79EFBC}") = "FoodEliminator", "FoodEliminator\FoodEliminator\FoodEliminator.csproj", "{BFC3748E-3EA9-41FD-8707-8CF569D076F7}"
EndProject
Global
	GlobalSection(SolutionConfigurationPlatforms) = preSolution
		Debug|Any CPU = Debug|Any CPU
		Debug|iPhone = Debug|iPhone
		Debug|iPhoneSimulator = Debug|iPhoneSimulator
		Release|Any CPU = Release|Any CPU
		Release|iPhone = Release|iPhone
		Release|iPhoneSimulator = Release|iPhoneSimulator
	EndGlobalSection
	GlobalSection(ProjectConfigurationPlatforms) = postSolution
		{EAB81A93-6F4D-4B82-9487-B5A0FDE057D5}.Debug|Any CPU.ActiveCfg = Debug|Any CPU
		{EAB81A93-6F4D-4B82-9487-B5A0FDE057D5}.Debug|Any CPU.Build.0 = Debug|Any CPU
		{EAB81A93-6F4D-4B82-9487-B5A0FDE057D5}.Debug|Any CPU.Deploy.0 = Debug|Any CPU
		{EAB81A93-6F4D-4B82-9487-B5A0FDE057D5}.Debug|iPhone.ActiveCfg = Debug|Any CPU
		{EAB81A93-6F4D-4B82-9487-B5A0FDE057D5}.Debug|iPhone.Build.0 = Debug|Any CPU
		{EAB81A93-6F4D-4B82-9487-B5A0FDE057D5}.Debug|iPhone.Deploy.0 = Debug|Any CPU
		{EAB81A93-6F4D-4B82-9487-B5A0FDE057D5}.Debug|iPhoneSimulator.ActiveCfg = Debug|Any CPU
		{EAB81A93-6F4D-4B82-9487-B5A0FDE057D5}.Debug|iPhoneSimulator.Build.0 = Debug|Any CPU
		{EAB81A93-6F4D-4B82-9487-B5A0FDE057D5}.Debug|iPhoneSimulator.Deploy.0 = Debug|Any CPU
		{EAB81A93-6F4D-4B82-9487-B5A0FDE057D5}.Release|Any CPU.ActiveCfg = Release|Any CPU
		{EAB81A93-6F4D-4B82-9487-B5A0FDE057D5}.Release|Any CPU.Build.0 = Release|Any CPU
		{EAB81A93-6F4D-4B82-9487-B5A0FDE057D5}.Release|Any CPU.Deploy.0 = Release|Any CPU
		{EAB81A93-6F4D-4B82-9487-B5A0FDE057D5}.Release|iPhone.ActiveCfg = Release|Any CPU
		{EAB81A93-6F4D-4B82-9487-B5A0FDE057D5}.Release|iPhone.Build.0 = Release|Any CPU
		{EAB81A93-6F4D-4B82-9487-B5A0FDE057D5}.Release|iPhone.Deploy.0 = Release|Any CPU
		{EAB81A93-6F4D-4B82-9487-B5A0FDE057D5}.Release|iPhoneSimulator.ActiveCfg = Release|Any CPU
		{EAB81A93-6F4D-4B82-9487-B5A0FDE057D5}.Release|iPhoneSimulator.Build.0 = Release|Any CPU
		{EAB81A93-6F4D-4B82-9487-B5A0FDE057D5}.Release|iPhoneSimulator.Deploy.0 = Release|Any CPU
		{BB6EACB5-B547-4F9B-8071-D1CB324EAB1F}.Debug|Any CPU.ActiveCfg = Debug|iPhone
		{BB6EACB5-B547-4F9B-8071-D1CB324EAB1F}.Debug|Any CPU.Build.0 = Debug|iPhone
		{BB6EACB5-B547-4F9B-8071-D1CB324EAB1F}.Debug|Any CPU.Deploy.0 = Debug|iPhone
		{BB6EACB5-B547-4F9B-8071-D1CB324EAB1F}.Debug|iPhone.ActiveCfg = Debug|iPhone
		{BB6EACB5-B547-4F9B-8071-D1CB324EAB1F}.Debug|iPhone.Build.0 = Debug|iPhone
		{BB6EACB5-B547-4F9B-8071-D1CB324EAB1F}.Debug|iPhone.Deploy.0 = Debug|iPhone
		{BB6EACB5-B547-4F9B-8071-D1CB324EAB1F}.Debug|iPhoneSimulator.ActiveCfg = Debug|iPhoneSimulator
		{BB6EACB5-B547-4F9B-8071-D1CB324EAB1F}.Debug|iPhoneSimulator.Build.0 = Debug|iPhoneSimulator
		{BB6EACB5-B547-4F9B-8071-D1CB324EAB1F}.Debug|iPhoneSimulator.Deploy.0 = Debug|iPhoneSimulator
		{BB6EACB5-B547-4F9B-8071-D1CB324EAB1F}.Release|Any CPU.ActiveCfg = Release|iPhoneSimulator
		{BB6EACB5-B547-4F9B-8071-D1CB324EAB1F}.Release|Any CPU.Build.0 = Release|iPhoneSimulator
		{BB6EACB5-B547-4F9B-8071-D1CB324EAB1F}.Release|Any CPU.Deploy.0 = Release|iPhoneSimulator
		{BB6EACB5-B547-4F9B-8071-D1CB324EAB1F}.Release|iPhone.ActiveCfg = Release|iPhone
		{BB6EACB5-B547-4F9B-8071-D1CB324EAB1F}.Release|iPhone.Build.0 = Release|iPhone
		{BB6EACB5-B547-4F9B-8071-D1CB324EAB1F}.Release|iPhone.Deploy.0 = Release|iPhone
		{BB6EACB5-B547-4F9B-8071-D1CB324EAB1F}.Release|iPhoneSimulator.ActiveCfg = Release|iPhoneSimulator
		{BB6EACB5-B547-4F9B-8071-D1CB324EAB1F}.Release|iPhoneSimulator.Build.0 = Release|iPhoneSimulator
		{BB6EACB5-B547-4F9B-8071-D1CB324EAB1F}.Release|iPhoneSimulator.Deploy.0 = Release|iPhoneSimulator
		{BFC3748E-3EA9-41FD-8707-8CF569D076F7}.Debug|Any CPU.ActiveCfg = Debug|Any CPU
		{BFC3748E-3EA9-41FD-8707-8CF569D076F7}.Debug|Any CPU.Build.0 = Debug|Any CPU
		{BFC3748E-3EA9-41FD-8707-8CF569D076F7}.Debug|Any CPU.Deploy.0 = Debug|Any CPU
		{BFC3748E-3EA9-41FD-8707-8CF569D076F7}.Debug|iPhone.ActiveCfg = Debug|Any CPU
		{BFC3748E-3EA9-41FD-8707-8CF569D076F7}.Debug|iPhone.Build.0 = Debug|Any CPU
		{BFC3748E-3EA9-41FD-8707-8CF569D076F7}.Debug|iPhone.Deploy.0 = Debug|Any CPU
		{BFC3748E-3EA9-41FD-8707-8CF569D076F7}.Debug|iPhoneSimulator.ActiveCfg = Debug|Any CPU
		{BFC3748E-3EA9-41FD-8707-8CF569D076F7}.Debug|iPhoneSimulator.Build.0 = Debug|Any CPU
		{BFC3748E-3EA9-41FD-8707-8CF569D076F7}.Debug|iPhoneSimulator.Deploy.0 = Debug|Any CPU
		{BFC3748E-3EA9-41FD-8707-8CF569D076F7}.Release|Any CPU.ActiveCfg = Release|Any CPU
		{BFC3748E-3EA9-41FD-8707-8CF569D076F7}.Release|Any CPU.Build.0 = Release|Any CPU
		{BFC3748E-3EA9-41FD-8707-8CF569D076F7}.Release|Any CPU.Deploy.0 = Release|Any CPU
		{BFC3748E-3EA9-41FD-8707-8CF569D076F7}.Release|iPhone.ActiveCfg = Release|Any CPU
		{BFC3748E-3EA9-41FD-8707-8CF569D076F7}.Release|iPhone.Build.0 = Release|Any CPU
		{BFC3748E-3EA9-41FD-8707-8CF569D076F7}.Release|iPhone.Deploy.0 = Release|Any CPU
		{BFC3748E-3EA9-41FD-8707-8CF569D076F7}.Release|iPhoneSimulator.ActiveCfg = Release|Any CPU
		{BFC3748E-3EA9-41FD-8707-8CF569D076F7}.Release|iPhoneSimulator.Build.0 = Release|Any CPU
		{BFC3748E-3EA9-41FD-8707-8CF569D076F7}.Release|iPhoneSimulator.Deploy.0 = Release|Any CPU
	EndGlobalSection
	GlobalSection(SolutionProperties) = preSolution
		HideSolutionNode = FALSE
	EndGlobalSection
	GlobalSection(ExtensibilityGlobals) = postSolution
		SolutionGuid = {C176B335-C967-4B61-A840-DBC42861952C}
	EndGlobalSection
EndGlobal
